---
- hosts: localhost
  connection: local
  collections:
    - infoblox.b1ddi_modules

  vars:
  - host: "{{ host_server }}"
  - api: "{{ api_key }}"

  tasks:
    #  Gather all AddressBlock
    - name: Gather Address block
      b1_ipam_address_block_gather:
        host: "{{ host }}"
        api_key: "{{ api }}"
        state: gather
      register: address_block
    - debug: msg="{{ address_block }}"

    #  Gather ID, Name, Dhcp Options for a given AddressBlock
    - name: Gather the ID information of an for a given name
      b1_ipam_address_block_gather:
        host: "{{ host_server }}"
        api_key: "{{ api }}"
        state: gather
        fields: ['id', 'name', 'dhcp_options' ]
        filters: {'address': '172.16.0.32'}
      register: address_block_id
    - debug: msg="{{ address_block_id }}"

    #  Gather information of with multiple filters
    - name: Gather the tags  of an for a given IPSpace name
      b1_ipam_address_block_gather:
        host: "{{ host_server }}"
        api_key: "{{ api }}"
        state: gather
        fields: ['dhcp_options']
        filters: {'name': 'Test-Ansible-AB_nextAvailable', 'address':'172.16.0.32'}
      register: address_block_lists
    - debug: msg="{{ address_block_lists }}"
